---
# --- SESSION LOCK for the RTX 4080's single llama.cpp slot --------------------
# templates/callbacks/fast_subagent_lock.py.j2 — a LiteLLM custom callback,
# registered in litellm_settings.callbacks (config.yaml.j2) only alongside a
# configured spend store (llm_router_redis_host), the same gate the Redis
# block in config.yaml.j2 already uses — the lock has nowhere to live without
# it. Deployed by tasks/main.yml next to config.yaml.
#
# WHY reject-fast, not a queue: llama.cpp serves this card with exactly one
# in-flight slot (llama_cpp_parallel: 1, inventory/group_vars/
# llm_vllm_group.yml — the KV cache is one unified buffer, so more slots
# would divide capacity, not add concurrency). A second caller queuing behind
# the first would tie up a router worker for the ~190-300s this rung can take
# (llm-models.d/30-local-gpu.yml); refusing it immediately with Retry-After
# lets the caller's own fallback chain move on instead.
#
# WHY the lock covers three names, not one. llama-swap keeps only ONE model
# loaded at a time on this card (groups.chat, swap: true,
# roles/llama_cpp/templates/llama-swap.yaml.j2) and TWO client-facing
# registry entries share it (tier: vllm — qwen3.8-27b, qwen3-coder-30b), plus
# the hermes-local-4080 fallback rung onto the same weights (tier:
# hermes-local). Any one of the three evicts the KV cache another was
# building, so gating the lock on a single alias (as first scoped) would have
# left the other two free to thrash a cache the lock was supposed to protect.
# Derived from the registry by tier rather than hand-listed, so a future
# vllm-tier entry on this card is covered automatically — see
# tests/llm_router/test_fast_subagent_lock.py for the assumption this filter
# makes about tier naming staying single-guest.
#
# `fast-gpu` (55-roles.yml) is UNIONED IN, not registry-derived — it is a DB
# role name, not a registered client_model_id, but it targets this exact
# backend and must be treated identically for lock purposes: same hard 429
# on contention as the three names above, deliberately NOT the redirect
# behaviour the ROLE_NAMES set below gives fast/subagent (see the note there
# for why a redirect would defeat fast-gpu's whole purpose).
llm_router_subagent_lock_model_ids: >-
  {{ (llm_router_registry_enabled
      | selectattr('tier', 'in', ['vllm', 'hermes-local'])
      | map(attribute='client_model_id') | list)
     + ['fast-gpu'] }}

# The only release path GUARANTEED to fire — an unattended Hermes caller that
# crashes or times out must not hold the lock forever. X-Subagent-Release is a
# courtesy on top of this, never a substitute (fast_subagent_lock.py.j2).
llm_router_subagent_lock_ttl_seconds: 300

llm_router_subagent_lock_key: "subagent:4080:lock"
llm_router_subagent_lock_release_header: x-subagent-release

# The single hermes-local-tier entry (currently exactly one: hermes-local-4080)
# — derived rather than hand-listed for the same reason the gated set above
# is, and reused as the `fast`/`subagent` DB roles' primary target in
# 55-roles.yml so that file carries no registry literal either.
llm_router_hermes_local_4080_id: >-
  {{ llm_router_registry_enabled | selectattr('tier', 'equalto', 'hermes-local')
     | map(attribute='client_model_id') | list | first }}

# --- fast/subagent role-call redirect-on-contention ---------------------------
# See 55-roles.yml for the chain these two DB roles share and why. A caller
# naming one of these role names directly reaches fast_subagent_lock.py.j2
# under the role's OWN name (a DB-seeded role is a first-class LiteLLM
# model_group with its own deployments, not a config alias substituted before
# the callback runs) — contention on one of these redirects the request onto
# the chain's first fallback rung instead of rejecting it, UNLIKE a direct
# call naming hermes-local-4080/qwen3.8-27b/qwen3-coder-30b, which still gets
# the hard 429 (local-subagents' "429 = wait" contract for those names is
# unchanged). See fast_subagent_lock.py.j2 and its module docstring for why
# this is a template-time redirect target rather than a live lookup of the
# role's own DB-stored fallback order (UI-reorderability tradeoff, documented
# there).
#
# `fast-gpu` is DELIBERATELY NOT in this set — it is unioned into
# llm_router_subagent_lock_model_ids above instead, so it gets the hard 429
# a direct caller gets, never a redirect. Its whole purpose is letting a
# caller detect 4080 contention and run its OWN fallback sequence; a silent
# redirect here would answer from a different model without the caller ever
# knowing the 4080 was busy, defeating that.
llm_router_subagent_lock_role_names:
  - fast
  - subagent
  - cheap
  - review-oss
  - review-private
